
Microsoft Visual Studio Solution File, Format Version 12.00
# Visual Studio 15
VisualStudioVersion = 15.0.28307.329
MinimumVisualStudioVersion = 10.0.40219.1
Project("{FAE04EC0-301F-11D3-BF4B-00C04F79EFBC}") = "Labs_07_Files", "Labs_07_Files\Labs_07_Files.csproj", "{0BCC0992-5708-4A62-B838-8C73EAD43979}"
EndProject
Global
	GlobalSection(SolutionConfigurationPlatforms) = preSolution
		Debug|Any CPU = Debug|Any CPU
		Release|Any CPU = Release|Any CPU
	EndGlobalSection
	GlobalSection(ProjectConfigurationPlatforms) = postSolution
		{0BCC0992-5708-4A62-B838-8C73EAD43979}.Debug|Any CPU.ActiveCfg = Debug|Any CPU
		{0BCC0992-5708-4A62-B838-8C73EAD43979}.Debug|Any CPU.Build.0 = Debug|Any CPU
		{0BCC0992-5708-4A62-B838-8C73EAD43979}.Release|Any CPU.ActiveCfg = Release|Any CPU
		{0BCC0992-5708-4A62-B838-8C73EAD43979}.Release|Any CPU.Build.0 = Release|Any CPU
	EndGlobalSection
	GlobalSection(SolutionProperties) = preSolution
		HideSolutionNode = FALSE
	EndGlobalSection
	GlobalSection(ExtensibilityGlobals) = postSolution
		SolutionGuid = {9A38DB24-5A66-4F72-98E4-CA3A672CBFF6}
	EndGlobalSection
EndGlobal
