
Microsoft Visual Studio Solution File, Format Version 12.00
# Visual Studio 15
VisualStudioVersion = 15.0.28307.329
MinimumVisualStudioVersion = 10.0.40219.1
Project("{FAE04EC0-301F-11D3-BF4B-00C04F79EFBC}") = "Lab_01_Test", "Lab_01_Test\Lab_01_Test.csproj", "{9CD531F9-5CE0-47FE-9A04-69EE4E4F9B1A}"
EndProject
Project("{FAE04EC0-301F-11D3-BF4B-00C04F79EFBC}") = "Lab_02_OOP", "Lab_02_OOP\Lab_02_OOP.csproj", "{0879E193-5B14-44CB-9483-B58F53E5A859}"
EndProject
Project("{FAE04EC0-301F-11D3-BF4B-00C04F79EFBC}") = "Lab_03_OOP", "Lab_03_OOP\Lab_03_OOP.csproj", "{95A413C4-7FB4-472A-932E-2A4B440EAFA1}"
EndProject
Project("{FAE04EC0-301F-11D3-BF4B-00C04F79EFBC}") = "Lab_04_Array", "Lab_04_Array\Lab_04_Array.csproj", "{B07C8A06-C511-4687-8A75-44952FFAD9FD}"
EndProject
Project("{FAE04EC0-301F-11D3-BF4B-00C04F79EFBC}") = "Lab_04_Array_test", "Lab_04_Array_test\Lab_04_Array_test.csproj", "{8C39E807-5502-4B9E-88A5-DA378B4C9E3E}"
EndProject
Project("{FAE04EC0-301F-11D3-BF4B-00C04F79EFBC}") = "Lab_08_Files", "Lab_08_Files\Lab_08_Files.csproj", "{77135586-8812-460C-9F10-B3D67BCBDA0F}"
EndProject
Project("{FAE04EC0-301F-11D3-BF4B-00C04F79EFBC}") = "Lab_06", "Lab_06\lab6\Lab_06.csproj", "{A6503017-959D-4BBD-8B81-16497EC9B99C}"
EndProject
Project("{FAE04EC0-301F-11D3-BF4B-00C04F79EFBC}") = "Lab_104_collections", "Lab_104_collections\Lab_104_collections.csproj", "{6408BE45-08EB-4CB4-9741-5980D717E07E}"
EndProject
Project("{FAE04EC0-301F-11D3-BF4B-00C04F79EFBC}") = "Lab_09_XML", "Lab_09_XML\Lab_09_XML.csproj", "{D00E29CD-0113-4BAB-B79A-222ABACE863A}"
EndProject
Project("{FAE04EC0-301F-11D3-BF4B-00C04F79EFBC}") = "Lab_105_game_name_and_score", "Lab_105_game_name_and_score\Lab_105_game_name_and_score.csproj", "{E3F8356F-557C-42A6-A036-9D6B36025DA2}"
EndProject
Project("{FAE04EC0-301F-11D3-BF4B-00C04F79EFBC}") = "Lab_106_game_increase_score", "Lab_106_game_increase_score\Lab_106_game_increase_score.csproj", "{7B7DF66A-995D-43FB-BD37-C6713349F338}"
EndProject
Project("{FAE04EC0-301F-11D3-BF4B-00C04F79EFBC}") = "Lab_107_list_folders_01", "Lab_107_list_folders_01\Lab_107_list_folders_01.csproj", "{7E2336E3-416E-44D7-A4C4-FFE08AA7DA89}"
EndProject
Project("{FAE04EC0-301F-11D3-BF4B-00C04F79EFBC}") = "Lab_108_list_files_and_folders_01", "Lab_108_list_files_and_folders_01\Lab_108_list_files_and_folders_01.csproj", "{F2526AC4-2F0B-41AF-B33A-EB7C0A182345}"
EndProject
Project("{FAE04EC0-301F-11D3-BF4B-00C04F79EFBC}") = "Lab_109_new_file_with_content_01", "Lab_109_new_file_with_content_01\Lab_109_new_file_with_content_01.csproj", "{3CC212E3-7B73-4E62-B39C-B44DEEE8F978}"
EndProject
Project("{FAE04EC0-301F-11D3-BF4B-00C04F79EFBC}") = "Lab_10_Entity", "Lab_10_Entity\Lab_10_Entity.csproj", "{67E71383-DEBD-421F-96DD-6C3CD2E14D57}"
EndProject
Project("{FAE04EC0-301F-11D3-BF4B-00C04F79EFBC}") = "Lab_104_Random_Person", "Lab_104_Random_Person\Lab_104_Random_Person.csproj", "{A814E8C7-F967-444C-976D-F6C5414023B7}"
EndProject
Project("{FAE04EC0-301F-11D3-BF4B-00C04F79EFBC}") = "Lab_101_Speed_Typing", "Lab_101_speed_typing\ConsoleApp4\Lab_101_Speed_Typing.csproj", "{FAEDB8FB-79F7-44C0-B6BA-AABEDA7E6D69}"
EndProject
Project("{FAE04EC0-301F-11D3-BF4B-00C04F79EFBC}") = "Lab_110_exception", "Lab_110_exception\Lab_110_exception.csproj", "{ECDE5B5D-A401-40AD-B553-5FA68DF31E21}"
EndProject
Project("{FAE04EC0-301F-11D3-BF4B-00C04F79EFBC}") = "Lab_111_new_folder_01", "Lab_111_new_folder_01\Lab_111_new_folder_01.csproj", "{61B7A1F4-8083-4029-AD21-7E6EACBA7BD8}"
EndProject
Project("{FAE04EC0-301F-11D3-BF4B-00C04F79EFBC}") = "Lab_07_Files", "Lab_07_Files\Lab_07_Files\Lab_07_Files.csproj", "{0BCC0992-5708-4A62-B838-8C73EAD43979}"
EndProject
Project("{FAE04EC0-301F-11D3-BF4B-00C04F79EFBC}") = "Lab_112_Collections", "Lab_112_Collections\Lab_112_Collections.csproj", "{F191443B-DFF1-43F9-82BF-7A840377A936}"
EndProject
Project("{FAE04EC0-301F-11D3-BF4B-00C04F79EFBC}") = "LabsTest", "Labs_Test\LabsTest.csproj", "{AEE79DED-BB68-4799-9554-AC9053F65919}"
EndProject
Project("{FAE04EC0-301F-11D3-BF4B-00C04F79EFBC}") = "Lab_11_Entity_GUI", "Lab_11_Entity_GUI\Lab_11_Entity_GUI.csproj", "{3E4FB2AD-905A-435D-A377-E58060FBC223}"
EndProject
Project("{FAE04EC0-301F-11D3-BF4B-00C04F79EFBC}") = "Lab_12_OOP_Revision", "Lab_12_OOP_Revision\Lab_12_OOP_Revision.csproj", "{D7559ECA-B608-4940-83A9-EC222D7FAC1C}"
EndProject
Project("{FAE04EC0-301F-11D3-BF4B-00C04F79EFBC}") = "Lab_13_Polymorphism", "Lab_13_Polymorphism\Lab_13_Polymorphism.csproj", "{1F120C29-8C87-4DF7-991C-421FE5F4FC2C}"
EndProject
Project("{FAE04EC0-301F-11D3-BF4B-00C04F79EFBC}") = "Lab_113_ArrayList", "Lab_113_ArrayList\Lab_113_ArrayList.csproj", "{42D4E2E0-274D-47FF-93A7-52697F94DF39}"
EndProject
Project("{FAE04EC0-301F-11D3-BF4B-00C04F79EFBC}") = "Lab_14_OOP", "Lab_14_OOP\Lab_14_OOP.csproj", "{BB91DC26-0910-4A2E-B171-89646D332305}"
EndProject
Project("{FAE04EC0-301F-11D3-BF4B-00C04F79EFBC}") = "Lab_103_GUI_Typing", "Lab_103_GUI_Typing\Wpf_typing\Lab_103_GUI_Typing.csproj", "{ADBAEBBC-CF76-4A0D-9CD6-54F3604F53D5}"
EndProject
Project("{FAE04EC0-301F-11D3-BF4B-00C04F79EFBC}") = "Lab_114_Entity_GUI", "Lab_114_Entity_GUI\Lab_114_Entity_GUI.csproj", "{E8FAEF87-039C-4E01-A6DB-5DCB2D4CAE5B}"
EndProject
Project("{FAE04EC0-301F-11D3-BF4B-00C04F79EFBC}") = "Lab_115_Northwind_Entity_With_OOP", "Lab_115_Northwind_Entity_With_OOP\Lab_115_Northwind_Entity_With_OOP.csproj", "{0E7F16B0-DED1-4E32-BFB4-8D15732D1329}"
EndProject
Project("{FAE04EC0-301F-11D3-BF4B-00C04F79EFBC}") = "Lab_116_Exceptions", "Lab_116_Exceptions\Lab_116_Exceptions.csproj", "{92797D71-F500-4AD9-A5A8-FB262F66A5CF}"
EndProject
Project("{FAE04EC0-301F-11D3-BF4B-00C04F79EFBC}") = "Lab_15_Panels", "Lab_15_Panels\Lab_15_Panels.csproj", "{0E11892C-6AF0-40B6-B08E-7C630FC9C812}"
EndProject
Project("{FAE04EC0-301F-11D3-BF4B-00C04F79EFBC}") = "Lab_117_Entity_Tabs", "Lab_117_Entity_Tabs\Lab_117_Entity_Tabs.csproj", "{1D28F7E9-9D0D-4253-B045-52B2B7D8C79F}"
EndProject
Project("{FAE04EC0-301F-11D3-BF4B-00C04F79EFBC}") = "Lab_16_NUnit_XUnit_Tests", "Lab_16_NUnit_XUnit_Tests\Lab_16_NUnit_XUnit_Tests.csproj", "{A1C54915-AAE8-4971-BD4B-D1ED71EA1868}"
EndProject
Project("{9A19103F-16F7-4668-BE54-9A1E7A4F7556}") = "Lab_16_MSTest", "Lab_16_MSTest\Lab_16_MSTest.csproj", "{C4C48916-EE5C-4A96-AB00-955104818114}"
EndProject
Project("{9A19103F-16F7-4668-BE54-9A1E7A4F7556}") = "Lab_16_NUnit", "Lab_16_NUnit\Lab_16_NUnit.csproj", "{ECDCBACA-4714-4A78-B32F-03FA4D1BC3B8}"
EndProject
Project("{9A19103F-16F7-4668-BE54-9A1E7A4F7556}") = "Lab_16_XUnit", "Lab_16_XUnit\Lab_16_XUnit.csproj", "{173B6C97-FA2B-4E9F-BC26-1813FC699BA3}"
EndProject
Project("{FAE04EC0-301F-11D3-BF4B-00C04F79EFBC}") = "Lab_17_Debug", "Lab_17_Debug\Lab_17_Debug.csproj", "{45CD79B4-24A8-4076-AF5A-4D5C76F1C62A}"
EndProject
Project("{FAE04EC0-301F-11D3-BF4B-00C04F79EFBC}") = "Lab_18_streaming", "Lab_18_streaming\Lab_18_streaming.csproj", "{18358795-7DD7-44A0-8129-6CB153179BC3}"
EndProject
Project("{FAE04EC0-301F-11D3-BF4B-00C04F79EFBC}") = "Lab_19_Streaming", "Lab_19_Streaming\Lab_19_Streaming.csproj", "{7042018F-CA6C-4E1A-9A50-FC0E9B9C0A71}"
EndProject
Project("{FAE04EC0-301F-11D3-BF4B-00C04F79EFBC}") = "Lab_20_StreamWriter", "Lab_20_StreamWriter\Lab_20_StreamWriter.csproj", "{5A65CC5B-F016-45F3-8B09-842EF4851B6B}"
EndProject
Project("{FAE04EC0-301F-11D3-BF4B-00C04F79EFBC}") = "Lab_21_Push_Data_To_Memory", "Lab_21_Push_Data_To_Memory\Lab_21_Push_Data_To_Memory.csproj", "{6CF7E3BF-A4AF-4027-9F87-80431970BBFD}"
EndProject
Project("{FAE04EC0-301F-11D3-BF4B-00C04F79EFBC}") = "Lab_22_http_Get_Async", "Lab_22_http_Get_Async\Lab_22_http_Get_Async.csproj", "{D8EF594D-DE58-474F-814F-11E43874828A}"
EndProject
Project("{FAE04EC0-301F-11D3-BF4B-00C04F79EFBC}") = "Lab_25_Checked_Unchecked", "Lab_25_Checked_Unchecked\Lab_25_Checked_Unchecked.csproj", "{21574997-1D4A-4348-BE26-F7921AB4252E}"
EndProject
Project("{FAE04EC0-301F-11D3-BF4B-00C04F79EFBC}") = "Lab_118_Array_of_Tests", "Lab_118_Array_of_Tests\Lab_118_Array_of_Tests.csproj", "{9D0CA606-9316-4762-A882-6E444B759EFF}"
EndProject
Project("{9A19103F-16F7-4668-BE54-9A1E7A4F7556}") = "Lab_118_task_array_test", "Lab_118_task_array_test\Lab_118_task_array_test.csproj", "{33D3BF4F-1169-45DA-8231-98FC738E6A33}"
EndProject
Project("{9A19103F-16F7-4668-BE54-9A1E7A4F7556}") = "Lab_26_DotNetCore_Northwind", "Lab_26_DotNetCore_Northwind\Lab_26_DotNetCore_Northwind.csproj", "{2893C676-25DF-415B-BC27-EBDC9A19836C}"
EndProject
Project("{FAE04EC0-301F-11D3-BF4B-00C04F79EFBC}") = "Lab_27_Hello_World_Web", "Lab_27_Hello_World_Web\Lab_27_Hello_World_Web.csproj", "{08417164-0EA0-4174-8F8B-72EACC3D0213}"
EndProject
Project("{FAE04EC0-301F-11D3-BF4B-00C04F79EFBC}") = "Lab_119_Write_To_DB_Async", "Lab_119_Write_To_DB_Async\Lab_119_Write_To_DB_Async.csproj", "{EE185E29-763B-4F0E-8760-9749BDA2745D}"
EndProject
Project("{FAE04EC0-301F-11D3-BF4B-00C04F79EFBC}") = "Lab_120_Hash_Set_To_Excel", "Lab_120_ Hash_Set_To_Excel\Lab_120_Hash_Set_To_Excel.csproj", "{9301CA76-4EEC-45B4-B8B5-0549C009A95A}"
EndProject
Project("{9A19103F-16F7-4668-BE54-9A1E7A4F7556}") = "Lab_120_HashSet_Excel_Tests", "Lab_120_HashSet_Excel_Tests\Lab_120_HashSet_Excel_Tests.csproj", "{96AA0BFC-F68F-42D6-AF06-98A4E785DD39}"
EndProject
Project("{FAE04EC0-301F-11D3-BF4B-00C04F79EFBC}") = "Lab_28_Northwind_Website", "Lab_28_Northwind_Website\Lab_28_Northwind_Website.csproj", "{16EBC252-BDA2-45AA-AE42-02F13A26A230}"
EndProject
Project("{FAE04EC0-301F-11D3-BF4B-00C04F79EFBC}") = "Lab_29_ASP_DOT_NET_API", "Lab_29_ASP_DOT_NET_API\Lab_29_ASP_DOT_NET_API.csproj", "{D017A5AA-68BB-4369-8F8F-B1C165D3FEC4}"
EndProject
Project("{9A19103F-16F7-4668-BE54-9A1E7A4F7556}") = "Lab_30_Northwind_To_XML", "Lab_30_Northwind_To_XML\Lab_30_Northwind_To_XML.csproj", "{384100B1-838A-4086-B6F9-9D134D516DBD}"
EndProject
Project("{FAE04EC0-301F-11D3-BF4B-00C04F79EFBC}") = "Entity_09_LINQ_to_XML", "Entity_09_LINQ_to_XML\Entity_09_LINQ_to_XML.csproj", "{8A902400-3225-433A-AECE-0AD5FF3B1BB8}"
EndProject
Project("{FAE04EC0-301F-11D3-BF4B-00C04F79EFBC}") = "Lab_31_Struct", "Lab_31_Struct\Lab_31_Struct.csproj", "{F9900B4A-EA84-4DFF-ACE1-CB7657D887C6}"
EndProject
Project("{FAE04EC0-301F-11D3-BF4B-00C04F79EFBC}") = "Lab_32_Entity_Code_FIrst", "Lab_32_Entity_Code_FIrst\Lab_32_Entity_Code_FIrst.csproj", "{E26CAD48-6F7F-4FA2-9ECA-7CB697975888}"
EndProject
Project("{FAE04EC0-301F-11D3-BF4B-00C04F79EFBC}") = "Lab_32_Entity_Code_First_Framework", "Lab_32_Entity_Code_First_Framework\Lab_32_Entity_Code_First_Framework.csproj", "{9242664A-441A-4D74-A047-07DC981A6660}"
EndProject
Project("{FAE04EC0-301F-11D3-BF4B-00C04F79EFBC}") = "Lab_121_Code_First_GUI", "Lab_121_Code_First_GUI\Lab_121_Code_First_GUI.csproj", "{8C5129D2-EA1F-4AC5-A52C-C564EE6732DC}"
EndProject
Global
	GlobalSection(SolutionConfigurationPlatforms) = preSolution
		Debug|Any CPU = Debug|Any CPU
		Release|Any CPU = Release|Any CPU
	EndGlobalSection
	GlobalSection(ProjectConfigurationPlatforms) = postSolution
		{9CD531F9-5CE0-47FE-9A04-69EE4E4F9B1A}.Debug|Any CPU.ActiveCfg = Debug|Any CPU
		{9CD531F9-5CE0-47FE-9A04-69EE4E4F9B1A}.Debug|Any CPU.Build.0 = Debug|Any CPU
		{9CD531F9-5CE0-47FE-9A04-69EE4E4F9B1A}.Release|Any CPU.ActiveCfg = Release|Any CPU
		{9CD531F9-5CE0-47FE-9A04-69EE4E4F9B1A}.Release|Any CPU.Build.0 = Release|Any CPU
		{0879E193-5B14-44CB-9483-B58F53E5A859}.Debug|Any CPU.ActiveCfg = Debug|Any CPU
		{0879E193-5B14-44CB-9483-B58F53E5A859}.Debug|Any CPU.Build.0 = Debug|Any CPU
		{0879E193-5B14-44CB-9483-B58F53E5A859}.Release|Any CPU.ActiveCfg = Release|Any CPU
		{0879E193-5B14-44CB-9483-B58F53E5A859}.Release|Any CPU.Build.0 = Release|Any CPU
		{95A413C4-7FB4-472A-932E-2A4B440EAFA1}.Debug|Any CPU.ActiveCfg = Debug|Any CPU
		{95A413C4-7FB4-472A-932E-2A4B440EAFA1}.Debug|Any CPU.Build.0 = Debug|Any CPU
		{95A413C4-7FB4-472A-932E-2A4B440EAFA1}.Release|Any CPU.ActiveCfg = Release|Any CPU
		{95A413C4-7FB4-472A-932E-2A4B440EAFA1}.Release|Any CPU.Build.0 = Release|Any CPU
		{B07C8A06-C511-4687-8A75-44952FFAD9FD}.Debug|Any CPU.ActiveCfg = Debug|Any CPU
		{B07C8A06-C511-4687-8A75-44952FFAD9FD}.Debug|Any CPU.Build.0 = Debug|Any CPU
		{B07C8A06-C511-4687-8A75-44952FFAD9FD}.Release|Any CPU.ActiveCfg = Release|Any CPU
		{B07C8A06-C511-4687-8A75-44952FFAD9FD}.Release|Any CPU.Build.0 = Release|Any CPU
		{8C39E807-5502-4B9E-88A5-DA378B4C9E3E}.Debug|Any CPU.ActiveCfg = Debug|Any CPU
		{8C39E807-5502-4B9E-88A5-DA378B4C9E3E}.Debug|Any CPU.Build.0 = Debug|Any CPU
		{8C39E807-5502-4B9E-88A5-DA378B4C9E3E}.Release|Any CPU.ActiveCfg = Release|Any CPU
		{8C39E807-5502-4B9E-88A5-DA378B4C9E3E}.Release|Any CPU.Build.0 = Release|Any CPU
		{77135586-8812-460C-9F10-B3D67BCBDA0F}.Debug|Any CPU.ActiveCfg = Debug|Any CPU
		{77135586-8812-460C-9F10-B3D67BCBDA0F}.Debug|Any CPU.Build.0 = Debug|Any CPU
		{77135586-8812-460C-9F10-B3D67BCBDA0F}.Release|Any CPU.ActiveCfg = Release|Any CPU
		{77135586-8812-460C-9F10-B3D67BCBDA0F}.Release|Any CPU.Build.0 = Release|Any CPU
		{A6503017-959D-4BBD-8B81-16497EC9B99C}.Debug|Any CPU.ActiveCfg = Debug|Any CPU
		{A6503017-959D-4BBD-8B81-16497EC9B99C}.Debug|Any CPU.Build.0 = Debug|Any CPU
		{A6503017-959D-4BBD-8B81-16497EC9B99C}.Release|Any CPU.ActiveCfg = Release|Any CPU
		{A6503017-959D-4BBD-8B81-16497EC9B99C}.Release|Any CPU.Build.0 = Release|Any CPU
		{6408BE45-08EB-4CB4-9741-5980D717E07E}.Debug|Any CPU.ActiveCfg = Debug|Any CPU
		{6408BE45-08EB-4CB4-9741-5980D717E07E}.Debug|Any CPU.Build.0 = Debug|Any CPU
		{6408BE45-08EB-4CB4-9741-5980D717E07E}.Release|Any CPU.ActiveCfg = Release|Any CPU
		{6408BE45-08EB-4CB4-9741-5980D717E07E}.Release|Any CPU.Build.0 = Release|Any CPU
		{D00E29CD-0113-4BAB-B79A-222ABACE863A}.Debug|Any CPU.ActiveCfg = Debug|Any CPU
		{D00E29CD-0113-4BAB-B79A-222ABACE863A}.Debug|Any CPU.Build.0 = Debug|Any CPU
		{D00E29CD-0113-4BAB-B79A-222ABACE863A}.Release|Any CPU.ActiveCfg = Release|Any CPU
		{D00E29CD-0113-4BAB-B79A-222ABACE863A}.Release|Any CPU.Build.0 = Release|Any CPU
		{E3F8356F-557C-42A6-A036-9D6B36025DA2}.Debug|Any CPU.ActiveCfg = Debug|Any CPU
		{E3F8356F-557C-42A6-A036-9D6B36025DA2}.Debug|Any CPU.Build.0 = Debug|Any CPU
		{E3F8356F-557C-42A6-A036-9D6B36025DA2}.Release|Any CPU.ActiveCfg = Release|Any CPU
		{E3F8356F-557C-42A6-A036-9D6B36025DA2}.Release|Any CPU.Build.0 = Release|Any CPU
		{7B7DF66A-995D-43FB-BD37-C6713349F338}.Debug|Any CPU.ActiveCfg = Debug|Any CPU
		{7B7DF66A-995D-43FB-BD37-C6713349F338}.Debug|Any CPU.Build.0 = Debug|Any CPU
		{7B7DF66A-995D-43FB-BD37-C6713349F338}.Release|Any CPU.ActiveCfg = Release|Any CPU
		{7B7DF66A-995D-43FB-BD37-C6713349F338}.Release|Any CPU.Build.0 = Release|Any CPU
		{7E2336E3-416E-44D7-A4C4-FFE08AA7DA89}.Debug|Any CPU.ActiveCfg = Debug|Any CPU
		{7E2336E3-416E-44D7-A4C4-FFE08AA7DA89}.Debug|Any CPU.Build.0 = Debug|Any CPU
		{7E2336E3-416E-44D7-A4C4-FFE08AA7DA89}.Release|Any CPU.ActiveCfg = Release|Any CPU
		{7E2336E3-416E-44D7-A4C4-FFE08AA7DA89}.Release|Any CPU.Build.0 = Release|Any CPU
		{F2526AC4-2F0B-41AF-B33A-EB7C0A182345}.Debug|Any CPU.ActiveCfg = Debug|Any CPU
		{F2526AC4-2F0B-41AF-B33A-EB7C0A182345}.Debug|Any CPU.Build.0 = Debug|Any CPU
		{F2526AC4-2F0B-41AF-B33A-EB7C0A182345}.Release|Any CPU.ActiveCfg = Release|Any CPU
		{F2526AC4-2F0B-41AF-B33A-EB7C0A182345}.Release|Any CPU.Build.0 = Release|Any CPU
		{3CC212E3-7B73-4E62-B39C-B44DEEE8F978}.Debug|Any CPU.ActiveCfg = Debug|Any CPU
		{3CC212E3-7B73-4E62-B39C-B44DEEE8F978}.Debug|Any CPU.Build.0 = Debug|Any CPU
		{3CC212E3-7B73-4E62-B39C-B44DEEE8F978}.Release|Any CPU.ActiveCfg = Release|Any CPU
		{3CC212E3-7B73-4E62-B39C-B44DEEE8F978}.Release|Any CPU.Build.0 = Release|Any CPU
		{67E71383-DEBD-421F-96DD-6C3CD2E14D57}.Debug|Any CPU.ActiveCfg = Debug|Any CPU
		{67E71383-DEBD-421F-96DD-6C3CD2E14D57}.Debug|Any CPU.Build.0 = Debug|Any CPU
		{67E71383-DEBD-421F-96DD-6C3CD2E14D57}.Release|Any CPU.ActiveCfg = Release|Any CPU
		{67E71383-DEBD-421F-96DD-6C3CD2E14D57}.Release|Any CPU.Build.0 = Release|Any CPU
		{A814E8C7-F967-444C-976D-F6C5414023B7}.Debug|Any CPU.ActiveCfg = Debug|Any CPU
		{A814E8C7-F967-444C-976D-F6C5414023B7}.Debug|Any CPU.Build.0 = Debug|Any CPU
		{A814E8C7-F967-444C-976D-F6C5414023B7}.Release|Any CPU.ActiveCfg = Release|Any CPU
		{A814E8C7-F967-444C-976D-F6C5414023B7}.Release|Any CPU.Build.0 = Release|Any CPU
		{FAEDB8FB-79F7-44C0-B6BA-AABEDA7E6D69}.Debug|Any CPU.ActiveCfg = Debug|Any CPU
		{FAEDB8FB-79F7-44C0-B6BA-AABEDA7E6D69}.Debug|Any CPU.Build.0 = Debug|Any CPU
		{FAEDB8FB-79F7-44C0-B6BA-AABEDA7E6D69}.Release|Any CPU.ActiveCfg = Release|Any CPU
		{FAEDB8FB-79F7-44C0-B6BA-AABEDA7E6D69}.Release|Any CPU.Build.0 = Release|Any CPU
		{ECDE5B5D-A401-40AD-B553-5FA68DF31E21}.Debug|Any CPU.ActiveCfg = Debug|Any CPU
		{ECDE5B5D-A401-40AD-B553-5FA68DF31E21}.Debug|Any CPU.Build.0 = Debug|Any CPU
		{ECDE5B5D-A401-40AD-B553-5FA68DF31E21}.Release|Any CPU.ActiveCfg = Release|Any CPU
		{ECDE5B5D-A401-40AD-B553-5FA68DF31E21}.Release|Any CPU.Build.0 = Release|Any CPU
		{61B7A1F4-8083-4029-AD21-7E6EACBA7BD8}.Debug|Any CPU.ActiveCfg = Debug|Any CPU
		{61B7A1F4-8083-4029-AD21-7E6EACBA7BD8}.Debug|Any CPU.Build.0 = Debug|Any CPU
		{61B7A1F4-8083-4029-AD21-7E6EACBA7BD8}.Release|Any CPU.ActiveCfg = Release|Any CPU
		{61B7A1F4-8083-4029-AD21-7E6EACBA7BD8}.Release|Any CPU.Build.0 = Release|Any CPU
		{0BCC0992-5708-4A62-B838-8C73EAD43979}.Debug|Any CPU.ActiveCfg = Debug|Any CPU
		{0BCC0992-5708-4A62-B838-8C73EAD43979}.Debug|Any CPU.Build.0 = Debug|Any CPU
		{0BCC0992-5708-4A62-B838-8C73EAD43979}.Release|Any CPU.ActiveCfg = Release|Any CPU
		{0BCC0992-5708-4A62-B838-8C73EAD43979}.Release|Any CPU.Build.0 = Release|Any CPU
		{F191443B-DFF1-43F9-82BF-7A840377A936}.Debug|Any CPU.ActiveCfg = Debug|Any CPU
		{F191443B-DFF1-43F9-82BF-7A840377A936}.Debug|Any CPU.Build.0 = Debug|Any CPU
		{F191443B-DFF1-43F9-82BF-7A840377A936}.Release|Any CPU.ActiveCfg = Release|Any CPU
		{F191443B-DFF1-43F9-82BF-7A840377A936}.Release|Any CPU.Build.0 = Release|Any CPU
		{AEE79DED-BB68-4799-9554-AC9053F65919}.Debug|Any CPU.ActiveCfg = Debug|Any CPU
		{AEE79DED-BB68-4799-9554-AC9053F65919}.Debug|Any CPU.Build.0 = Debug|Any CPU
		{AEE79DED-BB68-4799-9554-AC9053F65919}.Release|Any CPU.ActiveCfg = Release|Any CPU
		{AEE79DED-BB68-4799-9554-AC9053F65919}.Release|Any CPU.Build.0 = Release|Any CPU
		{3E4FB2AD-905A-435D-A377-E58060FBC223}.Debug|Any CPU.ActiveCfg = Debug|Any CPU
		{3E4FB2AD-905A-435D-A377-E58060FBC223}.Debug|Any CPU.Build.0 = Debug|Any CPU
		{3E4FB2AD-905A-435D-A377-E58060FBC223}.Release|Any CPU.ActiveCfg = Release|Any CPU
		{3E4FB2AD-905A-435D-A377-E58060FBC223}.Release|Any CPU.Build.0 = Release|Any CPU
		{D7559ECA-B608-4940-83A9-EC222D7FAC1C}.Debug|Any CPU.ActiveCfg = Debug|Any CPU
		{D7559ECA-B608-4940-83A9-EC222D7FAC1C}.Debug|Any CPU.Build.0 = Debug|Any CPU
		{D7559ECA-B608-4940-83A9-EC222D7FAC1C}.Release|Any CPU.ActiveCfg = Release|Any CPU
		{D7559ECA-B608-4940-83A9-EC222D7FAC1C}.Release|Any CPU.Build.0 = Release|Any CPU
		{1F120C29-8C87-4DF7-991C-421FE5F4FC2C}.Debug|Any CPU.ActiveCfg = Debug|Any CPU
		{1F120C29-8C87-4DF7-991C-421FE5F4FC2C}.Debug|Any CPU.Build.0 = Debug|Any CPU
		{1F120C29-8C87-4DF7-991C-421FE5F4FC2C}.Release|Any CPU.ActiveCfg = Release|Any CPU
		{1F120C29-8C87-4DF7-991C-421FE5F4FC2C}.Release|Any CPU.Build.0 = Release|Any CPU
		{42D4E2E0-274D-47FF-93A7-52697F94DF39}.Debug|Any CPU.ActiveCfg = Debug|Any CPU
		{42D4E2E0-274D-47FF-93A7-52697F94DF39}.Debug|Any CPU.Build.0 = Debug|Any CPU
		{42D4E2E0-274D-47FF-93A7-52697F94DF39}.Release|Any CPU.ActiveCfg = Release|Any CPU
		{42D4E2E0-274D-47FF-93A7-52697F94DF39}.Release|Any CPU.Build.0 = Release|Any CPU
		{BB91DC26-0910-4A2E-B171-89646D332305}.Debug|Any CPU.ActiveCfg = Debug|Any CPU
		{BB91DC26-0910-4A2E-B171-89646D332305}.Debug|Any CPU.Build.0 = Debug|Any CPU
		{BB91DC26-0910-4A2E-B171-89646D332305}.Release|Any CPU.ActiveCfg = Release|Any CPU
		{BB91DC26-0910-4A2E-B171-89646D332305}.Release|Any CPU.Build.0 = Release|Any CPU
		{ADBAEBBC-CF76-4A0D-9CD6-54F3604F53D5}.Debug|Any CPU.ActiveCfg = Debug|Any CPU
		{ADBAEBBC-CF76-4A0D-9CD6-54F3604F53D5}.Debug|Any CPU.Build.0 = Debug|Any CPU
		{ADBAEBBC-CF76-4A0D-9CD6-54F3604F53D5}.Release|Any CPU.ActiveCfg = Release|Any CPU
		{ADBAEBBC-CF76-4A0D-9CD6-54F3604F53D5}.Release|Any CPU.Build.0 = Release|Any CPU
		{E8FAEF87-039C-4E01-A6DB-5DCB2D4CAE5B}.Debug|Any CPU.ActiveCfg = Debug|Any CPU
		{E8FAEF87-039C-4E01-A6DB-5DCB2D4CAE5B}.Debug|Any CPU.Build.0 = Debug|Any CPU
		{E8FAEF87-039C-4E01-A6DB-5DCB2D4CAE5B}.Release|Any CPU.ActiveCfg = Release|Any CPU
		{E8FAEF87-039C-4E01-A6DB-5DCB2D4CAE5B}.Release|Any CPU.Build.0 = Release|Any CPU
		{0E7F16B0-DED1-4E32-BFB4-8D15732D1329}.Debug|Any CPU.ActiveCfg = Debug|Any CPU
		{0E7F16B0-DED1-4E32-BFB4-8D15732D1329}.Debug|Any CPU.Build.0 = Debug|Any CPU
		{0E7F16B0-DED1-4E32-BFB4-8D15732D1329}.Release|Any CPU.ActiveCfg = Release|Any CPU
		{0E7F16B0-DED1-4E32-BFB4-8D15732D1329}.Release|Any CPU.Build.0 = Release|Any CPU
		{92797D71-F500-4AD9-A5A8-FB262F66A5CF}.Debug|Any CPU.ActiveCfg = Debug|Any CPU
		{92797D71-F500-4AD9-A5A8-FB262F66A5CF}.Debug|Any CPU.Build.0 = Debug|Any CPU
		{92797D71-F500-4AD9-A5A8-FB262F66A5CF}.Release|Any CPU.ActiveCfg = Release|Any CPU
		{92797D71-F500-4AD9-A5A8-FB262F66A5CF}.Release|Any CPU.Build.0 = Release|Any CPU
		{0E11892C-6AF0-40B6-B08E-7C630FC9C812}.Debug|Any CPU.ActiveCfg = Debug|Any CPU
		{0E11892C-6AF0-40B6-B08E-7C630FC9C812}.Debug|Any CPU.Build.0 = Debug|Any CPU
		{0E11892C-6AF0-40B6-B08E-7C630FC9C812}.Release|Any CPU.ActiveCfg = Release|Any CPU
		{0E11892C-6AF0-40B6-B08E-7C630FC9C812}.Release|Any CPU.Build.0 = Release|Any CPU
		{1D28F7E9-9D0D-4253-B045-52B2B7D8C79F}.Debug|Any CPU.ActiveCfg = Debug|Any CPU
		{1D28F7E9-9D0D-4253-B045-52B2B7D8C79F}.Debug|Any CPU.Build.0 = Debug|Any CPU
		{1D28F7E9-9D0D-4253-B045-52B2B7D8C79F}.Release|Any CPU.ActiveCfg = Release|Any CPU
		{1D28F7E9-9D0D-4253-B045-52B2B7D8C79F}.Release|Any CPU.Build.0 = Release|Any CPU
		{A1C54915-AAE8-4971-BD4B-D1ED71EA1868}.Debug|Any CPU.ActiveCfg = Debug|Any CPU
		{A1C54915-AAE8-4971-BD4B-D1ED71EA1868}.Debug|Any CPU.Build.0 = Debug|Any CPU
		{A1C54915-AAE8-4971-BD4B-D1ED71EA1868}.Release|Any CPU.ActiveCfg = Release|Any CPU
		{A1C54915-AAE8-4971-BD4B-D1ED71EA1868}.Release|Any CPU.Build.0 = Release|Any CPU
		{C4C48916-EE5C-4A96-AB00-955104818114}.Debug|Any CPU.ActiveCfg = Debug|Any CPU
		{C4C48916-EE5C-4A96-AB00-955104818114}.Debug|Any CPU.Build.0 = Debug|Any CPU
		{C4C48916-EE5C-4A96-AB00-955104818114}.Release|Any CPU.ActiveCfg = Release|Any CPU
		{C4C48916-EE5C-4A96-AB00-955104818114}.Release|Any CPU.Build.0 = Release|Any CPU
		{ECDCBACA-4714-4A78-B32F-03FA4D1BC3B8}.Debug|Any CPU.ActiveCfg = Debug|Any CPU
		{ECDCBACA-4714-4A78-B32F-03FA4D1BC3B8}.Debug|Any CPU.Build.0 = Debug|Any CPU
		{ECDCBACA-4714-4A78-B32F-03FA4D1BC3B8}.Release|Any CPU.ActiveCfg = Release|Any CPU
		{ECDCBACA-4714-4A78-B32F-03FA4D1BC3B8}.Release|Any CPU.Build.0 = Release|Any CPU
		{173B6C97-FA2B-4E9F-BC26-1813FC699BA3}.Debug|Any CPU.ActiveCfg = Debug|Any CPU
		{173B6C97-FA2B-4E9F-BC26-1813FC699BA3}.Debug|Any CPU.Build.0 = Debug|Any CPU
		{173B6C97-FA2B-4E9F-BC26-1813FC699BA3}.Release|Any CPU.ActiveCfg = Release|Any CPU
		{173B6C97-FA2B-4E9F-BC26-1813FC699BA3}.Release|Any CPU.Build.0 = Release|Any CPU
		{45CD79B4-24A8-4076-AF5A-4D5C76F1C62A}.Debug|Any CPU.ActiveCfg = Debug|Any CPU
		{45CD79B4-24A8-4076-AF5A-4D5C76F1C62A}.Debug|Any CPU.Build.0 = Debug|Any CPU
		{45CD79B4-24A8-4076-AF5A-4D5C76F1C62A}.Release|Any CPU.ActiveCfg = Release|Any CPU
		{45CD79B4-24A8-4076-AF5A-4D5C76F1C62A}.Release|Any CPU.Build.0 = Release|Any CPU
		{18358795-7DD7-44A0-8129-6CB153179BC3}.Debug|Any CPU.ActiveCfg = Debug|Any CPU
		{18358795-7DD7-44A0-8129-6CB153179BC3}.Debug|Any CPU.Build.0 = Debug|Any CPU
		{18358795-7DD7-44A0-8129-6CB153179BC3}.Release|Any CPU.ActiveCfg = Release|Any CPU
		{18358795-7DD7-44A0-8129-6CB153179BC3}.Release|Any CPU.Build.0 = Release|Any CPU
		{7042018F-CA6C-4E1A-9A50-FC0E9B9C0A71}.Debug|Any CPU.ActiveCfg = Debug|Any CPU
		{7042018F-CA6C-4E1A-9A50-FC0E9B9C0A71}.Debug|Any CPU.Build.0 = Debug|Any CPU
		{7042018F-CA6C-4E1A-9A50-FC0E9B9C0A71}.Release|Any CPU.ActiveCfg = Release|Any CPU
		{7042018F-CA6C-4E1A-9A50-FC0E9B9C0A71}.Release|Any CPU.Build.0 = Release|Any CPU
		{5A65CC5B-F016-45F3-8B09-842EF4851B6B}.Debug|Any CPU.ActiveCfg = Debug|Any CPU
		{5A65CC5B-F016-45F3-8B09-842EF4851B6B}.Debug|Any CPU.Build.0 = Debug|Any CPU
		{5A65CC5B-F016-45F3-8B09-842EF4851B6B}.Release|Any CPU.ActiveCfg = Release|Any CPU
		{5A65CC5B-F016-45F3-8B09-842EF4851B6B}.Release|Any CPU.Build.0 = Release|Any CPU
		{6CF7E3BF-A4AF-4027-9F87-80431970BBFD}.Debug|Any CPU.ActiveCfg = Debug|Any CPU
		{6CF7E3BF-A4AF-4027-9F87-80431970BBFD}.Debug|Any CPU.Build.0 = Debug|Any CPU
		{6CF7E3BF-A4AF-4027-9F87-80431970BBFD}.Release|Any CPU.ActiveCfg = Release|Any CPU
		{6CF7E3BF-A4AF-4027-9F87-80431970BBFD}.Release|Any CPU.Build.0 = Release|Any CPU
		{D8EF594D-DE58-474F-814F-11E43874828A}.Debug|Any CPU.ActiveCfg = Debug|Any CPU
		{D8EF594D-DE58-474F-814F-11E43874828A}.Debug|Any CPU.Build.0 = Debug|Any CPU
		{D8EF594D-DE58-474F-814F-11E43874828A}.Release|Any CPU.ActiveCfg = Release|Any CPU
		{D8EF594D-DE58-474F-814F-11E43874828A}.Release|Any CPU.Build.0 = Release|Any CPU
		{21574997-1D4A-4348-BE26-F7921AB4252E}.Debug|Any CPU.ActiveCfg = Debug|Any CPU
		{21574997-1D4A-4348-BE26-F7921AB4252E}.Debug|Any CPU.Build.0 = Debug|Any CPU
		{21574997-1D4A-4348-BE26-F7921AB4252E}.Release|Any CPU.ActiveCfg = Release|Any CPU
		{21574997-1D4A-4348-BE26-F7921AB4252E}.Release|Any CPU.Build.0 = Release|Any CPU
		{9D0CA606-9316-4762-A882-6E444B759EFF}.Debug|Any CPU.ActiveCfg = Debug|Any CPU
		{9D0CA606-9316-4762-A882-6E444B759EFF}.Debug|Any CPU.Build.0 = Debug|Any CPU
		{9D0CA606-9316-4762-A882-6E444B759EFF}.Release|Any CPU.ActiveCfg = Release|Any CPU
		{9D0CA606-9316-4762-A882-6E444B759EFF}.Release|Any CPU.Build.0 = Release|Any CPU
		{33D3BF4F-1169-45DA-8231-98FC738E6A33}.Debug|Any CPU.ActiveCfg = Debug|Any CPU
		{33D3BF4F-1169-45DA-8231-98FC738E6A33}.Debug|Any CPU.Build.0 = Debug|Any CPU
		{33D3BF4F-1169-45DA-8231-98FC738E6A33}.Release|Any CPU.ActiveCfg = Release|Any CPU
		{33D3BF4F-1169-45DA-8231-98FC738E6A33}.Release|Any CPU.Build.0 = Release|Any CPU
		{2893C676-25DF-415B-BC27-EBDC9A19836C}.Debug|Any CPU.ActiveCfg = Debug|Any CPU
		{2893C676-25DF-415B-BC27-EBDC9A19836C}.Debug|Any CPU.Build.0 = Debug|Any CPU
		{2893C676-25DF-415B-BC27-EBDC9A19836C}.Release|Any CPU.ActiveCfg = Release|Any CPU
		{2893C676-25DF-415B-BC27-EBDC9A19836C}.Release|Any CPU.Build.0 = Release|Any CPU
		{08417164-0EA0-4174-8F8B-72EACC3D0213}.Debug|Any CPU.ActiveCfg = Debug|Any CPU
		{08417164-0EA0-4174-8F8B-72EACC3D0213}.Debug|Any CPU.Build.0 = Debug|Any CPU
		{08417164-0EA0-4174-8F8B-72EACC3D0213}.Release|Any CPU.ActiveCfg = Release|Any CPU
		{08417164-0EA0-4174-8F8B-72EACC3D0213}.Release|Any CPU.Build.0 = Release|Any CPU
		{EE185E29-763B-4F0E-8760-9749BDA2745D}.Debug|Any CPU.ActiveCfg = Debug|Any CPU
		{EE185E29-763B-4F0E-8760-9749BDA2745D}.Debug|Any CPU.Build.0 = Debug|Any CPU
		{EE185E29-763B-4F0E-8760-9749BDA2745D}.Release|Any CPU.ActiveCfg = Release|Any CPU
		{EE185E29-763B-4F0E-8760-9749BDA2745D}.Release|Any CPU.Build.0 = Release|Any CPU
		{9301CA76-4EEC-45B4-B8B5-0549C009A95A}.Debug|Any CPU.ActiveCfg = Debug|Any CPU
		{9301CA76-4EEC-45B4-B8B5-0549C009A95A}.Debug|Any CPU.Build.0 = Debug|Any CPU
		{9301CA76-4EEC-45B4-B8B5-0549C009A95A}.Release|Any CPU.ActiveCfg = Release|Any CPU
		{9301CA76-4EEC-45B4-B8B5-0549C009A95A}.Release|Any CPU.Build.0 = Release|Any CPU
		{96AA0BFC-F68F-42D6-AF06-98A4E785DD39}.Debug|Any CPU.ActiveCfg = Debug|Any CPU
		{96AA0BFC-F68F-42D6-AF06-98A4E785DD39}.Debug|Any CPU.Build.0 = Debug|Any CPU
		{96AA0BFC-F68F-42D6-AF06-98A4E785DD39}.Release|Any CPU.ActiveCfg = Release|Any CPU
		{96AA0BFC-F68F-42D6-AF06-98A4E785DD39}.Release|Any CPU.Build.0 = Release|Any CPU
		{16EBC252-BDA2-45AA-AE42-02F13A26A230}.Debug|Any CPU.ActiveCfg = Debug|Any CPU
		{16EBC252-BDA2-45AA-AE42-02F13A26A230}.Debug|Any CPU.Build.0 = Debug|Any CPU
		{16EBC252-BDA2-45AA-AE42-02F13A26A230}.Release|Any CPU.ActiveCfg = Release|Any CPU
		{16EBC252-BDA2-45AA-AE42-02F13A26A230}.Release|Any CPU.Build.0 = Release|Any CPU
		{D017A5AA-68BB-4369-8F8F-B1C165D3FEC4}.Debug|Any CPU.ActiveCfg = Debug|Any CPU
		{D017A5AA-68BB-4369-8F8F-B1C165D3FEC4}.Debug|Any CPU.Build.0 = Debug|Any CPU
		{D017A5AA-68BB-4369-8F8F-B1C165D3FEC4}.Release|Any CPU.ActiveCfg = Release|Any CPU
		{D017A5AA-68BB-4369-8F8F-B1C165D3FEC4}.Release|Any CPU.Build.0 = Release|Any CPU
		{384100B1-838A-4086-B6F9-9D134D516DBD}.Debug|Any CPU.ActiveCfg = Debug|Any CPU
		{384100B1-838A-4086-B6F9-9D134D516DBD}.Debug|Any CPU.Build.0 = Debug|Any CPU
		{384100B1-838A-4086-B6F9-9D134D516DBD}.Release|Any CPU.ActiveCfg = Release|Any CPU
		{384100B1-838A-4086-B6F9-9D134D516DBD}.Release|Any CPU.Build.0 = Release|Any CPU
		{8A902400-3225-433A-AECE-0AD5FF3B1BB8}.Debug|Any CPU.ActiveCfg = Debug|Any CPU
		{8A902400-3225-433A-AECE-0AD5FF3B1BB8}.Debug|Any CPU.Build.0 = Debug|Any CPU
		{8A902400-3225-433A-AECE-0AD5FF3B1BB8}.Release|Any CPU.ActiveCfg = Release|Any CPU
		{8A902400-3225-433A-AECE-0AD5FF3B1BB8}.Release|Any CPU.Build.0 = Release|Any CPU
		{F9900B4A-EA84-4DFF-ACE1-CB7657D887C6}.Debug|Any CPU.ActiveCfg = Debug|Any CPU
		{F9900B4A-EA84-4DFF-ACE1-CB7657D887C6}.Debug|Any CPU.Build.0 = Debug|Any CPU
		{F9900B4A-EA84-4DFF-ACE1-CB7657D887C6}.Release|Any CPU.ActiveCfg = Release|Any CPU
		{F9900B4A-EA84-4DFF-ACE1-CB7657D887C6}.Release|Any CPU.Build.0 = Release|Any CPU
		{E26CAD48-6F7F-4FA2-9ECA-7CB697975888}.Debug|Any CPU.ActiveCfg = Debug|Any CPU
		{E26CAD48-6F7F-4FA2-9ECA-7CB697975888}.Debug|Any CPU.Build.0 = Debug|Any CPU
		{E26CAD48-6F7F-4FA2-9ECA-7CB697975888}.Release|Any CPU.ActiveCfg = Release|Any CPU
		{E26CAD48-6F7F-4FA2-9ECA-7CB697975888}.Release|Any CPU.Build.0 = Release|Any CPU
		{9242664A-441A-4D74-A047-07DC981A6660}.Debug|Any CPU.ActiveCfg = Debug|Any CPU
		{9242664A-441A-4D74-A047-07DC981A6660}.Debug|Any CPU.Build.0 = Debug|Any CPU
		{9242664A-441A-4D74-A047-07DC981A6660}.Release|Any CPU.ActiveCfg = Release|Any CPU
		{9242664A-441A-4D74-A047-07DC981A6660}.Release|Any CPU.Build.0 = Release|Any CPU
		{8C5129D2-EA1F-4AC5-A52C-C564EE6732DC}.Debug|Any CPU.ActiveCfg = Debug|Any CPU
		{8C5129D2-EA1F-4AC5-A52C-C564EE6732DC}.Debug|Any CPU.Build.0 = Debug|Any CPU
		{8C5129D2-EA1F-4AC5-A52C-C564EE6732DC}.Release|Any CPU.ActiveCfg = Release|Any CPU
		{8C5129D2-EA1F-4AC5-A52C-C564EE6732DC}.Release|Any CPU.Build.0 = Release|Any CPU
	EndGlobalSection
	GlobalSection(SolutionProperties) = preSolution
		HideSolutionNode = FALSE
	EndGlobalSection
	GlobalSection(ExtensibilityGlobals) = postSolution
		SolutionGuid = {E6861FE6-F364-4732-97F4-38E6F683F25D}
	EndGlobalSection
EndGlobal
